
Microsoft Visual Studio Solution File, Format Version 12.00
# Visual Studio 14
VisualStudioVersion = 14.0.23107.0
MinimumVisualStudioVersion = 10.0.40219.1
Project("{FAE04EC0-301F-11D3-BF4B-00C04F79EFBC}") = "PSakeSampler.Nupkg2", "src\PSakeSampler.Nupkg2\PSakeSampler.Nupkg2.csproj", "{35F00335-5E0A-41DA-87E0-449B279BA6F7}"
EndProject
Project("{FAE04EC0-301F-11D3-BF4B-00C04F79EFBC}") = "PSakeSampler.AspNetWebApp", "src\PSakeSampler.AspNetWebApp\PSakeSampler.AspNetWebApp.csproj", "{199841B8-7149-48B6-8289-461CFD3332D9}"
EndProject
Project("{FAE04EC0-301F-11D3-BF4B-00C04F79EFBC}") = "PSakeSampler.ConsoleApp", "src\PSakeSampler.ConsoleApp\PSakeSampler.ConsoleApp.csproj", "{92B1363B-F144-429A-8FD4-3F61AB33CBB2}"
EndProject
Project("{FAE04EC0-301F-11D3-BF4B-00C04F79EFBC}") = "PSakeSampler.XunitTests", "src\PSakeSampler.XunitTests\PSakeSampler.XunitTests.csproj", "{C31104A2-792E-45B9-A926-0E1B1DDECED6}"
EndProject
Project("{FAE04EC0-301F-11D3-BF4B-00C04F79EFBC}") = "PSakeSampler.Nupkg1", "src\PSakeSampler.Nupkg1\PSakeSampler.Nupkg1.csproj", "{A3726FBD-2A27-48A8-B972-8DDAFB97BA13}"
EndProject
Project("{2150E333-8FDC-42A3-9474-1A3956D46DE8}") = "build_automation", "build_automation", "{96C230CD-5326-419D-B5DD-6122A268AD46}"
	ProjectSection(SolutionItems) = preProject
		build_automation\build.ps1 = build_automation\build.ps1
		build_automation\drop-your-build-scripts-here.txt = build_automation\drop-your-build-scripts-here.txt
		handlers.ps1 = handlers.ps1
		build_automation\properties.ps1 = build_automation\properties.ps1
	EndProjectSection
EndProject
Global
	GlobalSection(SolutionConfigurationPlatforms) = preSolution
		Debug|Any CPU = Debug|Any CPU
		Release|Any CPU = Release|Any CPU
	EndGlobalSection
	GlobalSection(ProjectConfigurationPlatforms) = postSolution
		{35F00335-5E0A-41DA-87E0-449B279BA6F7}.Debug|Any CPU.ActiveCfg = Debug|Any CPU
		{35F00335-5E0A-41DA-87E0-449B279BA6F7}.Debug|Any CPU.Build.0 = Debug|Any CPU
		{35F00335-5E0A-41DA-87E0-449B279BA6F7}.Release|Any CPU.ActiveCfg = Release|Any CPU
		{35F00335-5E0A-41DA-87E0-449B279BA6F7}.Release|Any CPU.Build.0 = Release|Any CPU
		{199841B8-7149-48B6-8289-461CFD3332D9}.Debug|Any CPU.ActiveCfg = Debug|Any CPU
		{199841B8-7149-48B6-8289-461CFD3332D9}.Debug|Any CPU.Build.0 = Debug|Any CPU
		{199841B8-7149-48B6-8289-461CFD3332D9}.Release|Any CPU.ActiveCfg = Release|Any CPU
		{199841B8-7149-48B6-8289-461CFD3332D9}.Release|Any CPU.Build.0 = Release|Any CPU
		{92B1363B-F144-429A-8FD4-3F61AB33CBB2}.Debug|Any CPU.ActiveCfg = Debug|Any CPU
		{92B1363B-F144-429A-8FD4-3F61AB33CBB2}.Debug|Any CPU.Build.0 = Debug|Any CPU
		{92B1363B-F144-429A-8FD4-3F61AB33CBB2}.Release|Any CPU.ActiveCfg = Release|Any CPU
		{92B1363B-F144-429A-8FD4-3F61AB33CBB2}.Release|Any CPU.Build.0 = Release|Any CPU
		{C31104A2-792E-45B9-A926-0E1B1DDECED6}.Debug|Any CPU.ActiveCfg = Debug|Any CPU
		{C31104A2-792E-45B9-A926-0E1B1DDECED6}.Debug|Any CPU.Build.0 = Debug|Any CPU
		{C31104A2-792E-45B9-A926-0E1B1DDECED6}.Release|Any CPU.ActiveCfg = Release|Any CPU
		{C31104A2-792E-45B9-A926-0E1B1DDECED6}.Release|Any CPU.Build.0 = Release|Any CPU
		{A3726FBD-2A27-48A8-B972-8DDAFB97BA13}.Debug|Any CPU.ActiveCfg = Debug|Any CPU
		{A3726FBD-2A27-48A8-B972-8DDAFB97BA13}.Debug|Any CPU.Build.0 = Debug|Any CPU
		{A3726FBD-2A27-48A8-B972-8DDAFB97BA13}.Release|Any CPU.ActiveCfg = Release|Any CPU
		{A3726FBD-2A27-48A8-B972-8DDAFB97BA13}.Release|Any CPU.Build.0 = Release|Any CPU
	EndGlobalSection
	GlobalSection(SolutionProperties) = preSolution
		HideSolutionNode = FALSE
	EndGlobalSection
EndGlobal
